
Microsoft Visual Studio Solution File, Format Version 12.00
# Visual Studio Version 17
VisualStudioVersion = 17.7.34202.233
MinimumVisualStudioVersion = 10.0.40219.1
Project("{FAE04EC0-301F-11D3-BF4B-00C04F79EFBC}") = "SignalRServerExample", "SignalRServerExample.csproj", "{7FF66266-27FD-4E9E-85FC-EE41B1375404}"
EndProject
Global
	GlobalSection(SolutionConfigurationPlatforms) = preSolution
		Debug|Any CPU = Debug|Any CPU
		Release|Any CPU = Release|Any CPU
	EndGlobalSection
	GlobalSection(ProjectConfigurationPlatforms) = postSolution
		{7FF66266-27FD-4E9E-85FC-EE41B1375404}.Debug|Any CPU.ActiveCfg = Debug|Any CPU
		{7FF66266-27FD-4E9E-85FC-EE41B1375404}.Debug|Any CPU.Build.0 = Debug|Any CPU
		{7FF66266-27FD-4E9E-85FC-EE41B1375404}.Release|Any CPU.ActiveCfg = Release|Any CPU
		{7FF66266-27FD-4E9E-85FC-EE41B1375404}.Release|Any CPU.Build.0 = Release|Any CPU
	EndGlobalSection
	GlobalSection(SolutionProperties) = preSolution
		HideSolutionNode = FALSE
	EndGlobalSection
	GlobalSection(ExtensibilityGlobals) = postSolution
		SolutionGuid = {D77E9DE7-23E4-4B9F-AAD7-4F8A2E0CCE7E}
	EndGlobalSection
EndGlobal
